{
  "version": 4,
  "terraform_version": "1.8.4",
  "serial": 34,
  "lineage": "7d37c9c5-9759-70be-d9b7-20001ea2e2d5",
  "outputs": {},
  "resources": [
    {
      "mode": "data",
      "type": "aws_route53_zone",
      "name": "marceladaguercom",
      "provider": "provider[\"registry.terraform.io/hashicorp/aws\"]",
      "instances": [
        {
          "schema_version": 0,
          "attributes": {
            "arn": "arn:aws:route53:::hostedzone/Z00358331JUPRO7EK2LZX",
            "caller_reference": "RISWorkflow-RD:0a825f6a-e8df-4a63-83c3-54a6240b40b2",
            "comment": "HostedZone created by Route53 Registrar",
            "id": "Z00358331JUPRO7EK2LZX",
            "linked_service_description": null,
            "linked_service_principal": null,
            "name": "marceladaguer.com",
            "name_servers": [
              "ns-604.awsdns-11.net",
              "ns-1939.awsdns-50.co.uk",
              "ns-391.awsdns-48.com",
              "ns-1497.awsdns-59.org"
            ],
            "primary_name_server": "ns-604.awsdns-11.net",
            "private_zone": false,
            "resource_record_set_count": 3,
            "tags": {},
            "vpc_id": null,
            "zone_id": "Z00358331JUPRO7EK2LZX"
          },
          "sensitive_attributes": []
        }
      ]
    },
    {
      "mode": "managed",
      "type": "aws_acm_certificate",
      "name": "marceladaguercom",
      "provider": "provider[\"registry.terraform.io/hashicorp/aws\"]",
      "instances": [
        {
          "schema_version": 0,
          "attributes": {
            "arn": "arn:aws:acm:us-east-1:394379960362:certificate/189fc9c4-f5d9-4b7d-9164-02998d6a3e53",
            "certificate_authority_arn": "",
            "certificate_body": null,
            "certificate_chain": null,
            "domain_name": "marceladaguer.com",
            "domain_validation_options": [
              {
                "domain_name": "marceladaguer.com",
                "resource_record_name": "_ccacd2899f9490fd0fba57bf746331b9.marceladaguer.com.",
                "resource_record_type": "CNAME",
                "resource_record_value": "_d4c5531d7329a7f35fcafa083dc5de66.sdgjtdhdhz.acm-validations.aws."
              }
            ],
            "early_renewal_duration": "",
            "id": "arn:aws:acm:us-east-1:394379960362:certificate/189fc9c4-f5d9-4b7d-9164-02998d6a3e53",
            "key_algorithm": "RSA_2048",
            "not_after": "2025-07-23T23:59:59Z",
            "not_before": "2024-06-24T00:00:00Z",
            "options": [
              {
                "certificate_transparency_logging_preference": "ENABLED"
              }
            ],
            "pending_renewal": false,
            "private_key": null,
            "renewal_eligibility": "ELIGIBLE",
            "renewal_summary": [],
            "status": "ISSUED",
            "subject_alternative_names": [
              "marceladaguer.com"
            ],
            "tags": {
              "Environment": "Production",
              "Purpose": "Certificado para o site marceladaguer.com"
            },
            "tags_all": {
              "Environment": "Production",
              "Purpose": "Certificado para o site marceladaguer.com"
            },
            "type": "AMAZON_ISSUED",
            "validation_emails": [],
            "validation_method": "DNS",
            "validation_option": []
          },
          "sensitive_attributes": [
            [
              {
                "type": "get_attr",
                "value": "private_key"
              }
            ]
          ],
          "private": "bnVsbA==",
          "create_before_destroy": true
        }
      ]
    },
    {
      "mode": "managed",
      "type": "aws_acm_certificate_validation",
      "name": "marceladaguercom",
      "provider": "provider[\"registry.terraform.io/hashicorp/aws\"]",
      "instances": [
        {
          "schema_version": 0,
          "attributes": {
            "certificate_arn": "arn:aws:acm:us-east-1:394379960362:certificate/189fc9c4-f5d9-4b7d-9164-02998d6a3e53",
            "id": "2024-06-24 20:06:00.606 +0000 UTC",
            "timeouts": null,
            "validation_record_fqdns": [
              "_ccacd2899f9490fd0fba57bf746331b9.marceladaguer.com"
            ]
          },
          "sensitive_attributes": [],
          "private": "eyJlMmJmYjczMC1lY2FhLTExZTYtOGY4OC0zNDM2M2JjN2M0YzAiOnsiY3JlYXRlIjo0NTAwMDAwMDAwMDAwfX0=",
          "dependencies": [
            "aws_acm_certificate.marceladaguercom",
            "aws_route53_record.marceladaguercom",
            "data.aws_route53_zone.marceladaguercom"
          ]
        }
      ]
    },
    {
      "mode": "managed",
      "type": "aws_cloudfront_distribution",
      "name": "websitemarceladaguerS3_distribution",
      "provider": "provider[\"registry.terraform.io/hashicorp/aws\"]",
      "instances": [
        {
          "schema_version": 1,
          "attributes": {
            "aliases": [
              "marceladaguer.com"
            ],
            "arn": "arn:aws:cloudfront::394379960362:distribution/E2XSNSN03BYS38",
            "caller_reference": "terraform-20240624200551772900000002",
            "comment": "Some comment",
            "continuous_deployment_policy_id": "",
            "custom_error_response": [],
            "default_cache_behavior": [
              {
                "allowed_methods": [
                  "GET",
                  "HEAD"
                ],
                "cache_policy_id": "",
                "cached_methods": [
                  "GET",
                  "HEAD"
                ],
                "compress": true,
                "default_ttl": 3600,
                "field_level_encryption_id": "",
                "forwarded_values": [
                  {
                    "cookies": [
                      {
                        "forward": "none",
                        "whitelisted_names": []
                      }
                    ],
                    "headers": [],
                    "query_string": false,
                    "query_string_cache_keys": []
                  }
                ],
                "function_association": [],
                "lambda_function_association": [],
                "max_ttl": 86400,
                "min_ttl": 0,
                "origin_request_policy_id": "",
                "realtime_log_config_arn": "",
                "response_headers_policy_id": "",
                "smooth_streaming": false,
                "target_origin_id": "myS3Origin",
                "trusted_key_groups": [],
                "trusted_signers": [],
                "viewer_protocol_policy": "redirect-to-https"
              }
            ],
            "default_root_object": "index.html",
            "domain_name": "d3a2e7iraiq02o.cloudfront.net",
            "enabled": true,
            "etag": "E27M9VXMJB75VX",
            "hosted_zone_id": "Z2FDTNDATAQYW2",
            "http_version": "http2",
            "id": "E2XSNSN03BYS38",
            "in_progress_validation_batches": 0,
            "is_ipv6_enabled": true,
            "last_modified_time": "2024-06-24 20:27:04.553 +0000 UTC",
            "logging_config": [],
            "ordered_cache_behavior": [],
            "origin": [
              {
                "connection_attempts": 3,
                "connection_timeout": 10,
                "custom_header": [],
                "custom_origin_config": [],
                "domain_name": "frontend-website-marceladaguer.s3.us-east-1.amazonaws.com",
                "origin_access_control_id": "E1WJHCRKTAWLR",
                "origin_id": "myS3Origin",
                "origin_path": "",
                "origin_shield": [],
                "s3_origin_config": []
              }
            ],
            "origin_group": [],
            "price_class": "PriceClass_200",
            "restrictions": [
              {
                "geo_restriction": [
                  {
                    "locations": [],
                    "restriction_type": "none"
                  }
                ]
              }
            ],
            "retain_on_delete": false,
            "staging": false,
            "status": "Deployed",
            "tags": {
              "Environment": "Production",
              "Purpose": "Distribuição CLOUDFRONT para o site marceladaguer.com"
            },
            "tags_all": {
              "Environment": "Production",
              "Purpose": "Distribuição CLOUDFRONT para o site marceladaguer.com"
            },
            "trusted_key_groups": [
              {
                "enabled": false,
                "items": []
              }
            ],
            "trusted_signers": [
              {
                "enabled": false,
                "items": []
              }
            ],
            "viewer_certificate": [
              {
                "acm_certificate_arn": "arn:aws:acm:us-east-1:394379960362:certificate/189fc9c4-f5d9-4b7d-9164-02998d6a3e53",
                "cloudfront_default_certificate": false,
                "iam_certificate_id": "",
                "minimum_protocol_version": "TLSv1.2_2018",
                "ssl_support_method": "sni-only"
              }
            ],
            "wait_for_deployment": true,
            "web_acl_id": ""
          },
          "sensitive_attributes": [],
          "private": "eyJzY2hlbWFfdmVyc2lvbiI6IjEifQ==",
          "dependencies": [
            "aws_acm_certificate.marceladaguercom",
            "aws_cloudfront_origin_access_control.websitemarceladaguerS3origin",
            "aws_s3_bucket.websitemarceladaguerS3"
          ]
        }
      ]
    },
    {
      "mode": "managed",
      "type": "aws_cloudfront_origin_access_control",
      "name": "websitemarceladaguerS3origin",
      "provider": "provider[\"registry.terraform.io/hashicorp/aws\"]",
      "instances": [
        {
          "schema_version": 0,
          "attributes": {
            "description": "Política para acesso ao bucket S3 a partir do CloudFront",
            "etag": "ETVPDKIKX0DER",
            "id": "E1WJHCRKTAWLR",
            "name": "frontend-website-marceladaguer.s3.us-east-1.amazonaws.com",
            "origin_access_control_origin_type": "s3",
            "signing_behavior": "always",
            "signing_protocol": "sigv4"
          },
          "sensitive_attributes": [],
          "private": "bnVsbA==",
          "dependencies": [
            "aws_s3_bucket.websitemarceladaguerS3"
          ]
        }
      ]
    },
    {
      "mode": "managed",
      "type": "aws_route53_record",
      "name": "cloudfront_alias",
      "provider": "provider[\"registry.terraform.io/hashicorp/aws\"]",
      "instances": [
        {
          "schema_version": 2,
          "attributes": {
            "alias": [
              {
                "evaluate_target_health": true,
                "name": "d3a2e7iraiq02o.cloudfront.net",
                "zone_id": "Z2FDTNDATAQYW2"
              }
            ],
            "allow_overwrite": null,
            "cidr_routing_policy": [],
            "failover_routing_policy": [],
            "fqdn": "marceladaguer.com",
            "geolocation_routing_policy": [],
            "geoproximity_routing_policy": [],
            "health_check_id": "",
            "id": "Z00358331JUPRO7EK2LZX_marceladaguer.com_A",
            "latency_routing_policy": [],
            "multivalue_answer_routing_policy": false,
            "name": "marceladaguer.com",
            "records": null,
            "set_identifier": "",
            "ttl": 0,
            "type": "A",
            "weighted_routing_policy": [],
            "zone_id": "Z00358331JUPRO7EK2LZX"
          },
          "sensitive_attributes": [],
          "private": "eyJzY2hlbWFfdmVyc2lvbiI6IjIifQ==",
          "dependencies": [
            "aws_acm_certificate.marceladaguercom",
            "aws_cloudfront_distribution.websitemarceladaguerS3_distribution",
            "aws_cloudfront_origin_access_control.websitemarceladaguerS3origin",
            "aws_s3_bucket.websitemarceladaguerS3",
            "data.aws_route53_zone.marceladaguercom"
          ]
        }
      ]
    },
    {
      "mode": "managed",
      "type": "aws_route53_record",
      "name": "marceladaguercom",
      "provider": "provider[\"registry.terraform.io/hashicorp/aws\"]",
      "instances": [
        {
          "index_key": "marceladaguer.com",
          "schema_version": 2,
          "attributes": {
            "alias": [],
            "allow_overwrite": true,
            "cidr_routing_policy": [],
            "failover_routing_policy": [],
            "fqdn": "_ccacd2899f9490fd0fba57bf746331b9.marceladaguer.com",
            "geolocation_routing_policy": [],
            "geoproximity_routing_policy": [],
            "health_check_id": "",
            "id": "Z00358331JUPRO7EK2LZX__ccacd2899f9490fd0fba57bf746331b9.marceladaguer.com._CNAME",
            "latency_routing_policy": [],
            "multivalue_answer_routing_policy": false,
            "name": "_ccacd2899f9490fd0fba57bf746331b9.marceladaguer.com",
            "records": [
              "_d4c5531d7329a7f35fcafa083dc5de66.sdgjtdhdhz.acm-validations.aws."
            ],
            "set_identifier": "",
            "ttl": 60,
            "type": "CNAME",
            "weighted_routing_policy": [],
            "zone_id": "Z00358331JUPRO7EK2LZX"
          },
          "sensitive_attributes": [],
          "private": "eyJzY2hlbWFfdmVyc2lvbiI6IjIifQ==",
          "dependencies": [
            "aws_acm_certificate.marceladaguercom",
            "data.aws_route53_zone.marceladaguercom"
          ]
        }
      ]
    },
    {
      "mode": "managed",
      "type": "aws_s3_bucket",
      "name": "websitemarceladaguerS3",
      "provider": "provider[\"registry.terraform.io/hashicorp/aws\"]",
      "instances": [
        {
          "schema_version": 0,
          "attributes": {
            "acceleration_status": "",
            "acl": null,
            "arn": "arn:aws:s3:::frontend-website-marceladaguer",
            "bucket": "frontend-website-marceladaguer",
            "bucket_domain_name": "frontend-website-marceladaguer.s3.amazonaws.com",
            "bucket_prefix": "",
            "bucket_regional_domain_name": "frontend-website-marceladaguer.s3.us-east-1.amazonaws.com",
            "cors_rule": [],
            "force_destroy": false,
            "grant": [
              {
                "id": "c2f276e4054d4252e7cefc373a8bfaee852fa78360f248e5e86214cb8147af65",
                "permissions": [
                  "FULL_CONTROL"
                ],
                "type": "CanonicalUser",
                "uri": ""
              }
            ],
            "hosted_zone_id": "Z3AQBSTGFYJSTF",
            "id": "frontend-website-marceladaguer",
            "lifecycle_rule": [],
            "logging": [],
            "object_lock_configuration": [],
            "object_lock_enabled": false,
            "policy": "{\"Id\":\"PolicyForCloudFrontPrivateContent\",\"Statement\":[{\"Action\":\"s3:GetObject\",\"Condition\":{\"StringEquals\":{\"AWS:SourceArn\":\"arn:aws:cloudfront::394379960362:distribution/E2XSNSN03BYS38\"}},\"Effect\":\"Allow\",\"Principal\":{\"Service\":\"cloudfront.amazonaws.com\"},\"Resource\":\"arn:aws:s3:::frontend-website-marceladaguer/*\",\"Sid\":\"AllowCloudFrontServicePrincipal\"}],\"Version\":\"2008-10-17\"}",
            "region": "us-east-1",
            "replication_configuration": [],
            "request_payer": "BucketOwner",
            "server_side_encryption_configuration": [
              {
                "rule": [
                  {
                    "apply_server_side_encryption_by_default": [
                      {
                        "kms_master_key_id": "",
                        "sse_algorithm": "AES256"
                      }
                    ],
                    "bucket_key_enabled": false
                  }
                ]
              }
            ],
            "tags": {
              "Environment": "Production",
              "Name": "WebSite Marcela Daguer",
              "Purpose": "Bucket S3 para o site marceladaguer.com"
            },
            "tags_all": {
              "Environment": "Production",
              "Name": "WebSite Marcela Daguer",
              "Purpose": "Bucket S3 para o site marceladaguer.com"
            },
            "timeouts": null,
            "versioning": [
              {
                "enabled": false,
                "mfa_delete": false
              }
            ],
            "website": [
              {
                "error_document": "error.html",
                "index_document": "index.html",
                "redirect_all_requests_to": "",
                "routing_rules": ""
              }
            ],
            "website_domain": "s3-website-us-east-1.amazonaws.com",
            "website_endpoint": "frontend-website-marceladaguer.s3-website-us-east-1.amazonaws.com"
          },
          "sensitive_attributes": [],
          "private": "eyJlMmJmYjczMC1lY2FhLTExZTYtOGY4OC0zNDM2M2JjN2M0YzAiOnsiY3JlYXRlIjoxMjAwMDAwMDAwMDAwLCJkZWxldGUiOjM2MDAwMDAwMDAwMDAsInJlYWQiOjEyMDAwMDAwMDAwMDAsInVwZGF0ZSI6MTIwMDAwMDAwMDAwMH19"
        }
      ]
    },
    {
      "mode": "managed",
      "type": "aws_s3_bucket_acl",
      "name": "websitemarceladaguerS3",
      "provider": "provider[\"registry.terraform.io/hashicorp/aws\"]",
      "instances": [
        {
          "schema_version": 0,
          "attributes": {
            "access_control_policy": [
              {
                "grant": [
                  {
                    "grantee": [
                      {
                        "display_name": "kiosimuta",
                        "email_address": "",
                        "id": "c2f276e4054d4252e7cefc373a8bfaee852fa78360f248e5e86214cb8147af65",
                        "type": "CanonicalUser",
                        "uri": ""
                      }
                    ],
                    "permission": "FULL_CONTROL"
                  }
                ],
                "owner": [
                  {
                    "display_name": "kiosimuta",
                    "id": "c2f276e4054d4252e7cefc373a8bfaee852fa78360f248e5e86214cb8147af65"
                  }
                ]
              }
            ],
            "acl": "private",
            "bucket": "frontend-website-marceladaguer",
            "expected_bucket_owner": "",
            "id": "frontend-website-marceladaguer,private"
          },
          "sensitive_attributes": [],
          "private": "bnVsbA==",
          "dependencies": [
            "aws_s3_bucket.websitemarceladaguerS3",
            "aws_s3_bucket_ownership_controls.websitemarceladaguerS3"
          ]
        }
      ]
    },
    {
      "mode": "managed",
      "type": "aws_s3_bucket_ownership_controls",
      "name": "websitemarceladaguerS3",
      "provider": "provider[\"registry.terraform.io/hashicorp/aws\"]",
      "instances": [
        {
          "schema_version": 0,
          "attributes": {
            "bucket": "frontend-website-marceladaguer",
            "id": "frontend-website-marceladaguer",
            "rule": [
              {
                "object_ownership": "BucketOwnerPreferred"
              }
            ]
          },
          "sensitive_attributes": [],
          "private": "bnVsbA==",
          "dependencies": [
            "aws_s3_bucket.websitemarceladaguerS3"
          ]
        }
      ]
    },
    {
      "mode": "managed",
      "type": "aws_s3_bucket_website_configuration",
      "name": "websitemarceladaguerS3",
      "provider": "provider[\"registry.terraform.io/hashicorp/aws\"]",
      "instances": [
        {
          "schema_version": 0,
          "attributes": {
            "bucket": "frontend-website-marceladaguer",
            "error_document": [
              {
                "key": "error.html"
              }
            ],
            "expected_bucket_owner": "",
            "id": "frontend-website-marceladaguer",
            "index_document": [
              {
                "suffix": "index.html"
              }
            ],
            "redirect_all_requests_to": [],
            "routing_rule": [],
            "routing_rules": "",
            "website_domain": "s3-website-us-east-1.amazonaws.com",
            "website_endpoint": "frontend-website-marceladaguer.s3-website-us-east-1.amazonaws.com"
          },
          "sensitive_attributes": [],
          "private": "bnVsbA==",
          "dependencies": [
            "aws_s3_bucket.websitemarceladaguerS3"
          ]
        }
      ]
    }
  ],
  "check_results": null
}
